
Microsoft Visual Studio Solution File, Format Version 12.00
# Visual Studio Version 17
VisualStudioVersion = 17.8.34322.80
MinimumVisualStudioVersion = 10.0.40219.1
Project("{FAE04EC0-301F-11D3-BF4B-00C04F79EFBC}") = "Panda.DependencyInjection", "Panda.DependencyInjection\Panda.DependencyInjection.csproj", "{87E34D63-D98E-49AF-94C1-9E5AEC2B939C}"
EndProject
Project("{FAE04EC0-301F-11D3-BF4B-00C04F79EFBC}") = "Panda.DependencyInjection.Tests", "Panda.DependencyInjection.Tests\Panda.DependencyInjection.Tests.csproj", "{86B60B93-93AF-4B99-B51C-55EAC34AA61C}"
EndProject
Global
	GlobalSection(SolutionConfigurationPlatforms) = preSolution
		Debug|Any CPU = Debug|Any CPU
		Release|Any CPU = Release|Any CPU
	EndGlobalSection
	GlobalSection(ProjectConfigurationPlatforms) = postSolution
		{87E34D63-D98E-49AF-94C1-9E5AEC2B939C}.Debug|Any CPU.ActiveCfg = Debug|Any CPU
		{87E34D63-D98E-49AF-94C1-9E5AEC2B939C}.Debug|Any CPU.Build.0 = Debug|Any CPU
		{87E34D63-D98E-49AF-94C1-9E5AEC2B939C}.Release|Any CPU.ActiveCfg = Release|Any CPU
		{87E34D63-D98E-49AF-94C1-9E5AEC2B939C}.Release|Any CPU.Build.0 = Release|Any CPU
		{86B60B93-93AF-4B99-B51C-55EAC34AA61C}.Debug|Any CPU.ActiveCfg = Debug|Any CPU
		{86B60B93-93AF-4B99-B51C-55EAC34AA61C}.Debug|Any CPU.Build.0 = Debug|Any CPU
		{86B60B93-93AF-4B99-B51C-55EAC34AA61C}.Release|Any CPU.ActiveCfg = Release|Any CPU
		{86B60B93-93AF-4B99-B51C-55EAC34AA61C}.Release|Any CPU.Build.0 = Release|Any CPU
	EndGlobalSection
	GlobalSection(SolutionProperties) = preSolution
		HideSolutionNode = FALSE
	EndGlobalSection
	GlobalSection(ExtensibilityGlobals) = postSolution
		SolutionGuid = {438282A5-FE2E-4CAA-A16C-14B003115C9E}
	EndGlobalSection
EndGlobal
